
Microsoft Visual Studio Solution File, Format Version 12.00
# Visual Studio Version 17
VisualStudioVersion = 17.9.34622.214
MinimumVisualStudioVersion = 10.0.40219.1
Project("{9A19103F-16F7-4668-BE54-9A1E7A4F7556}") = "EmirhanSampleProject.Web", "EmirhanSampleProject.Web\EmirhanSampleProject.Web.csproj", "{A3942288-DB5A-4544-84EB-297F989B4A48}"
EndProject
Global
	GlobalSection(SolutionConfigurationPlatforms) = preSolution
		Debug|Any CPU = Debug|Any CPU
		Release|Any CPU = Release|Any CPU
	EndGlobalSection
	GlobalSection(ProjectConfigurationPlatforms) = postSolution
		{A3942288-DB5A-4544-84EB-297F989B4A48}.Debug|Any CPU.ActiveCfg = Debug|Any CPU
		{A3942288-DB5A-4544-84EB-297F989B4A48}.Debug|Any CPU.Build.0 = Debug|Any CPU
		{A3942288-DB5A-4544-84EB-297F989B4A48}.Release|Any CPU.ActiveCfg = Release|Any CPU
		{A3942288-DB5A-4544-84EB-297F989B4A48}.Release|Any CPU.Build.0 = Release|Any CPU
	EndGlobalSection
	GlobalSection(SolutionProperties) = preSolution
		HideSolutionNode = FALSE
	EndGlobalSection
	GlobalSection(ExtensibilityGlobals) = postSolution
		SolutionGuid = {A2A9BE12-21F4-454C-B22C-99EBE8384D4B}
	EndGlobalSection
EndGlobal
